
Microsoft Visual Studio Solution File, Format Version 12.00
# Visual Studio 14
VisualStudioVersion = 14.0.23107.0
MinimumVisualStudioVersion = 10.0.40219.1
Project("{9092AA53-FB77-4645-B42D-1CCCA6BD08BD}") = "GuanPlus", "GuanPlus.njsproj", "{DDB7F891-C9B8-4169-83A8-2FBCA990BACB}"
EndProject
Global
	GlobalSection(SolutionConfigurationPlatforms) = preSolution
		Debug|Any CPU = Debug|Any CPU
		Release|Any CPU = Release|Any CPU
	EndGlobalSection
	GlobalSection(ProjectConfigurationPlatforms) = postSolution
		{DDB7F891-C9B8-4169-83A8-2FBCA990BACB}.Debug|Any CPU.ActiveCfg = Debug|Any CPU
		{DDB7F891-C9B8-4169-83A8-2FBCA990BACB}.Debug|Any CPU.Build.0 = Debug|Any CPU
		{DDB7F891-C9B8-4169-83A8-2FBCA990BACB}.Release|Any CPU.ActiveCfg = Release|Any CPU
		{DDB7F891-C9B8-4169-83A8-2FBCA990BACB}.Release|Any CPU.Build.0 = Release|Any CPU
	EndGlobalSection
	GlobalSection(SolutionProperties) = preSolution
		HideSolutionNode = FALSE
	EndGlobalSection
EndGlobal
